// !$*UTF8*$!
{
	archiveVersion = 1;
	classes = {
	};
	objectVersion = 48;
	objects = {

/* Begin PBXBuildFile section */
		0DE103935051731A470B36B7 /* Pods_CinematicUITests.framework in Frameworks */ = {isa = PBXBuildFile; fileRef = 557100EF59D3F91B31C5AD6B /* Pods_CinematicUITests.framework */; };
		142031EC1FF83154007A3CF3 /* ViewSeatsController.swift in Sources */ = {isa = PBXBuildFile; fileRef = 142031EB1FF83154007A3CF3 /* ViewSeatsController.swift */; };
		142031EE1FF9132A007A3CF3 /* SeatsPlanCell.swift in Sources */ = {isa = PBXBuildFile; fileRef = 142031ED1FF9132A007A3CF3 /* SeatsPlanCell.swift */; };
		1421C13C1FEC51570028DA9D /* ReviewCell.swift in Sources */ = {isa = PBXBuildFile; fileRef = 1421C13B1FEC51570028DA9D /* ReviewCell.swift */; };
		1421C13E1FEC5B630028DA9D /* LabelTitleCell.swift in Sources */ = {isa = PBXBuildFile; fileRef = 1421C13D1FEC5B630028DA9D /* LabelTitleCell.swift */; };
		1421C1401FEC5D460028DA9D /* CollectionHorizontalCell.swift in Sources */ = {isa = PBXBuildFile; fileRef = 1421C13F1FEC5D460028DA9D /* CollectionHorizontalCell.swift */; };
		1421C1421FEC5E3D0028DA9D /* TicketCell.swift in Sources */ = {isa = PBXBuildFile; fileRef = 1421C1411FEC5E3D0028DA9D /* TicketCell.swift */; };
		1421C1441FEC71A90028DA9D /* SeatCell.swift in Sources */ = {isa = PBXBuildFile; fileRef = 1421C1431FEC71A90028DA9D /* SeatCell.swift */; };
		142B0B4A1FDFD46D00B94FE1 /* MovieCell.swift in Sources */ = {isa = PBXBuildFile; fileRef = 142B0B491FDFD46D00B94FE1 /* MovieCell.swift */; };
		145A7C311FDFC16B005599AA /* AppDelegate.swift in Sources */ = {isa = PBXBuildFile; fileRef = 145A7C301FDFC16B005599AA /* AppDelegate.swift */; };
		145A7C361FDFC16B005599AA /* Main.storyboard in Resources */ = {isa = PBXBuildFile; fileRef = 145A7C341FDFC16B005599AA /* Main.storyboard */; };
		145A7C391FDFC16B005599AA /* Cinematic.xcdatamodeld in Sources */ = {isa = PBXBuildFile; fileRef = 145A7C371FDFC16B005599AA /* Cinematic.xcdatamodeld */; };
		145A7C3B1FDFC16B005599AA /* Assets.xcassets in Resources */ = {isa = PBXBuildFile; fileRef = 145A7C3A1FDFC16B005599AA /* Assets.xcassets */; };
		145A7C3E1FDFC16B005599AA /* LaunchScreen.storyboard in Resources */ = {isa = PBXBuildFile; fileRef = 145A7C3C1FDFC16B005599AA /* LaunchScreen.storyboard */; };
		145A7C491FDFC16B005599AA /* CinematicTests.swift in Sources */ = {isa = PBXBuildFile; fileRef = 145A7C481FDFC16B005599AA /* CinematicTests.swift */; };
		145A7C541FDFC16B005599AA /* CinematicUITests.swift in Sources */ = {isa = PBXBuildFile; fileRef = 145A7C531FDFC16B005599AA /* CinematicUITests.swift */; };
		145A7C621FDFCEAF005599AA /* MovieViewController.swift in Sources */ = {isa = PBXBuildFile; fileRef = 145A7C611FDFCEAF005599AA /* MovieViewController.swift */; };
		145C537B200961390020C33D /* MovieBCell.swift in Sources */ = {isa = PBXBuildFile; fileRef = 145C537A200961390020C33D /* MovieBCell.swift */; };
		146E5F481FFE960C0078957E /* CartController.swift in Sources */ = {isa = PBXBuildFile; fileRef = 146E5F471FFE960B0078957E /* CartController.swift */; };
		146E5F4A1FFE96500078957E /* CartCell.swift in Sources */ = {isa = PBXBuildFile; fileRef = 146E5F491FFE96500078957E /* CartCell.swift */; };
		14890CEE1FE68232007B59D5 /* MovieInfoViewController.swift in Sources */ = {isa = PBXBuildFile; fileRef = 14890CED1FE68232007B59D5 /* MovieInfoViewController.swift */; };
		14890CF91FE87998007B59D5 /* MovieInfoCell.swift in Sources */ = {isa = PBXBuildFile; fileRef = 14890CF81FE87998007B59D5 /* MovieInfoCell.swift */; };
		14DE45111FEC4F0D0034D2C1 /* PurchaseTicketViewController.swift in Sources */ = {isa = PBXBuildFile; fileRef = 14DE45101FEC4F0D0034D2C1 /* PurchaseTicketViewController.swift */; };
		14DE45131FEC50490034D2C1 /* TrailerCell.swift in Sources */ = {isa = PBXBuildFile; fileRef = 14DE45121FEC50490034D2C1 /* TrailerCell.swift */; };
		14F8552120090902008452B4 /* ProfileViewController.swift in Sources */ = {isa = PBXBuildFile; fileRef = 14F8552020090902008452B4 /* ProfileViewController.swift */; };
		14F855232009091B008452B4 /* UpcomingViewController.swift in Sources */ = {isa = PBXBuildFile; fileRef = 14F855222009091B008452B4 /* UpcomingViewController.swift */; };
		174886B2CE0141844D24C66C /* Pods_CinematicTests.framework in Frameworks */ = {isa = PBXBuildFile; fileRef = C75072BFE322C0F38D000B1E /* Pods_CinematicTests.framework */; };
		D7527C3FED0B8D13F8F51E9C /* Pods_Cinematic.framework in Frameworks */ = {isa = PBXBuildFile; fileRef = E47DDDF4BABD3AA81339E2F1 /* Pods_Cinematic.framework */; };
/* End PBXBuildFile section */

/* Begin PBXContainerItemProxy section */
		145A7C451FDFC16B005599AA /* PBXContainerItemProxy */ = {
			isa = PBXContainerItemProxy;
			containerPortal = 145A7C251FDFC16A005599AA /* Project object */;
			proxyType = 1;
			remoteGlobalIDString = 145A7C2C1FDFC16B005599AA;
			remoteInfo = Cinematic;
		};
		145A7C501FDFC16B005599AA /* PBXContainerItemProxy */ = {
			isa = PBXContainerItemProxy;
			containerPortal = 145A7C251FDFC16A005599AA /* Project object */;
			proxyType = 1;
			remoteGlobalIDString = 145A7C2C1FDFC16B005599AA;
			remoteInfo = Cinematic;
		};
/* End PBXContainerItemProxy section */

/* Begin PBXFileReference section */
		14185AFD1FE881D300D7EA08 /* Info.plist */ = {isa = PBXFileReference; fileEncoding = 4; lastKnownFileType = text.plist.xml; path = Info.plist; sourceTree = "<group>"; };
		142031EB1FF83154007A3CF3 /* ViewSeatsController.swift */ = {isa = PBXFileReference; lastKnownFileType = sourcecode.swift; path = ViewSeatsController.swift; sourceTree = "<group>"; };
		142031ED1FF9132A007A3CF3 /* SeatsPlanCell.swift */ = {isa = PBXFileReference; lastKnownFileType = sourcecode.swift; path = SeatsPlanCell.swift; sourceTree = "<group>"; };
		1421C13B1FEC51570028DA9D /* ReviewCell.swift */ = {isa = PBXFileReference; lastKnownFileType = sourcecode.swift; path = ReviewCell.swift; sourceTree = "<group>"; };
		1421C13D1FEC5B630028DA9D /* LabelTitleCell.swift */ = {isa = PBXFileReference; lastKnownFileType = sourcecode.swift; path = LabelTitleCell.swift; sourceTree = "<group>"; };
		1421C13F1FEC5D460028DA9D /* CollectionHorizontalCell.swift */ = {isa = PBXFileReference; lastKnownFileType = sourcecode.swift; path = CollectionHorizontalCell.swift; sourceTree = "<group>"; };
		1421C1411FEC5E3D0028DA9D /* TicketCell.swift */ = {isa = PBXFileReference; lastKnownFileType = sourcecode.swift; path = TicketCell.swift; sourceTree = "<group>"; };
		1421C1431FEC71A90028DA9D /* SeatCell.swift */ = {isa = PBXFileReference; lastKnownFileType = sourcecode.swift; path = SeatCell.swift; sourceTree = "<group>"; };
		142B0B491FDFD46D00B94FE1 /* MovieCell.swift */ = {isa = PBXFileReference; lastKnownFileType = sourcecode.swift; path = MovieCell.swift; sourceTree = "<group>"; };
		145A7C2D1FDFC16B005599AA /* Cinematic.app */ = {isa = PBXFileReference; explicitFileType = wrapper.application; includeInIndex = 0; path = Cinematic.app; sourceTree = BUILT_PRODUCTS_DIR; };
		145A7C301FDFC16B005599AA /* AppDelegate.swift */ = {isa = PBXFileReference; lastKnownFileType = sourcecode.swift; path = AppDelegate.swift; sourceTree = "<group>"; };
		145A7C351FDFC16B005599AA /* Base */ = {isa = PBXFileReference; lastKnownFileType = file.storyboard; name = Base; path = Base.lproj/Main.storyboard; sourceTree = "<group>"; };
		145A7C381FDFC16B005599AA /* Cinematic.xcdatamodel */ = {isa = PBXFileReference; lastKnownFileType = wrapper.xcdatamodel; path = Cinematic.xcdatamodel; sourceTree = "<group>"; };
		145A7C3A1FDFC16B005599AA /* Assets.xcassets */ = {isa = PBXFileReference; lastKnownFileType = folder.assetcatalog; path = Assets.xcassets; sourceTree = "<group>"; };
		145A7C3D1FDFC16B005599AA /* Base */ = {isa = PBXFileReference; lastKnownFileType = file.storyboard; name = Base; path = Base.lproj/LaunchScreen.storyboard; sourceTree = "<group>"; };
		145A7C441FDFC16B005599AA /* CinematicTests.xctest */ = {isa = PBXFileReference; explicitFileType = wrapper.cfbundle; includeInIndex = 0; path = CinematicTests.xctest; sourceTree = BUILT_PRODUCTS_DIR; };
		145A7C481FDFC16B005599AA /* CinematicTests.swift */ = {isa = PBXFileReference; lastKnownFileType = sourcecode.swift; path = CinematicTests.swift; sourceTree = "<group>"; };
		145A7C4A1FDFC16B005599AA /* Info.plist */ = {isa = PBXFileReference; lastKnownFileType = text.plist.xml; path = Info.plist; sourceTree = "<group>"; };
		145A7C4F1FDFC16B005599AA /* CinematicUITests.xctest */ = {isa = PBXFileReference; explicitFileType = wrapper.cfbundle; includeInIndex = 0; path = CinematicUITests.xctest; sourceTree = BUILT_PRODUCTS_DIR; };
		145A7C531FDFC16B005599AA /* CinematicUITests.swift */ = {isa = PBXFileReference; lastKnownFileType = sourcecode.swift; path = CinematicUITests.swift; sourceTree = "<group>"; };
		145A7C551FDFC16B005599AA /* Info.plist */ = {isa = PBXFileReference; lastKnownFileType = text.plist.xml; path = Info.plist; sourceTree = "<group>"; };
		145A7C611FDFCEAF005599AA /* MovieViewController.swift */ = {isa = PBXFileReference; lastKnownFileType = sourcecode.swift; path = MovieViewController.swift; sourceTree = "<group>"; };
		145C537A200961390020C33D /* MovieBCell.swift */ = {isa = PBXFileReference; lastKnownFileType = sourcecode.swift; path = MovieBCell.swift; sourceTree = "<group>"; };
		14662DCD2004090B00ACF6E3 /* Cinematic-Bridging-Header.h */ = {isa = PBXFileReference; lastKnownFileType = sourcecode.c.h; path = "Cinematic-Bridging-Header.h"; sourceTree = "<group>"; };
		146E5F471FFE960B0078957E /* CartController.swift */ = {isa = PBXFileReference; lastKnownFileType = sourcecode.swift; path = CartController.swift; sourceTree = "<group>"; };
		146E5F491FFE96500078957E /* CartCell.swift */ = {isa = PBXFileReference; lastKnownFileType = sourcecode.swift; path = CartCell.swift; sourceTree = "<group>"; };
		14890CED1FE68232007B59D5 /* MovieInfoViewController.swift */ = {isa = PBXFileReference; lastKnownFileType = sourcecode.swift; path = MovieInfoViewController.swift; sourceTree = "<group>"; };
		14890CF81FE87998007B59D5 /* MovieInfoCell.swift */ = {isa = PBXFileReference; lastKnownFileType = sourcecode.swift; path = MovieInfoCell.swift; sourceTree = "<group>"; };
		14DE45101FEC4F0D0034D2C1 /* PurchaseTicketViewController.swift */ = {isa = PBXFileReference; lastKnownFileType = sourcecode.swift; path = PurchaseTicketViewController.swift; sourceTree = "<group>"; };
		14DE45121FEC50490034D2C1 /* TrailerCell.swift */ = {isa = PBXFileReference; lastKnownFileType = sourcecode.swift; path = TrailerCell.swift; sourceTree = "<group>"; };
		14F8552020090902008452B4 /* ProfileViewController.swift */ = {isa = PBXFileReference; lastKnownFileType = sourcecode.swift; path = ProfileViewController.swift; sourceTree = "<group>"; };
		14F855222009091B008452B4 /* UpcomingViewController.swift */ = {isa = PBXFileReference; lastKnownFileType = sourcecode.swift; path = UpcomingViewController.swift; sourceTree = "<group>"; };
		449C0B67065377307D1901EC /* Pods-Cinematic.debug.xcconfig */ = {isa = PBXFileReference; includeInIndex = 1; lastKnownFileType = text.xcconfig; name = "Pods-Cinematic.debug.xcconfig"; path = "Pods/Target Support Files/Pods-Cinematic/Pods-Cinematic.debug.xcconfig"; sourceTree = "<group>"; };
		557100EF59D3F91B31C5AD6B /* Pods_CinematicUITests.framework */ = {isa = PBXFileReference; explicitFileType = wrapper.framework; includeInIndex = 0; path = Pods_CinematicUITests.framework; sourceTree = BUILT_PRODUCTS_DIR; };
		844EA47FEF62AA12651DC587 /* Pods-CinematicTests.release.xcconfig */ = {isa = PBXFileReference; includeInIndex = 1; lastKnownFileType = text.xcconfig; name = "Pods-CinematicTests.release.xcconfig"; path = "Pods/Target Support Files/Pods-CinematicTests/Pods-CinematicTests.release.xcconfig"; sourceTree = "<group>"; };
		C2296FF974872059AC49BFE0 /* Pods-CinematicUITests.debug.xcconfig */ = {isa = PBXFileReference; includeInIndex = 1; lastKnownFileType = text.xcconfig; name = "Pods-CinematicUITests.debug.xcconfig"; path = "Pods/Target Support Files/Pods-CinematicUITests/Pods-CinematicUITests.debug.xcconfig"; sourceTree = "<group>"; };
		C75072BFE322C0F38D000B1E /* Pods_CinematicTests.framework */ = {isa = PBXFileReference; explicitFileType = wrapper.framework; includeInIndex = 0; path = Pods_CinematicTests.framework; sourceTree = BUILT_PRODUCTS_DIR; };
		E2C8F7C7340B1C8C4D934F5A /* Pods-CinematicUITests.release.xcconfig */ = {isa = PBXFileReference; includeInIndex = 1; lastKnownFileType = text.xcconfig; name = "Pods-CinematicUITests.release.xcconfig"; path = "Pods/Target Support Files/Pods-CinematicUITests/Pods-CinematicUITests.release.xcconfig"; sourceTree = "<group>"; };
		E408E82AEA81B31A95B5AE82 /* Pods-Cinematic.release.xcconfig */ = {isa = PBXFileReference; includeInIndex = 1; lastKnownFileType = text.xcconfig; name = "Pods-Cinematic.release.xcconfig"; path = "Pods/Target Support Files/Pods-Cinematic/Pods-Cinematic.release.xcconfig"; sourceTree = "<group>"; };
		E47DDDF4BABD3AA81339E2F1 /* Pods_Cinematic.framework */ = {isa = PBXFileReference; explicitFileType = wrapper.framework; includeInIndex = 0; path = Pods_Cinematic.framework; sourceTree = BUILT_PRODUCTS_DIR; };
		E65603CDB342A0B31E97AFB6 /* Pods-CinematicTests.debug.xcconfig */ = {isa = PBXFileReference; includeInIndex = 1; lastKnownFileType = text.xcconfig; name = "Pods-CinematicTests.debug.xcconfig"; path = "Pods/Target Support Files/Pods-CinematicTests/Pods-CinematicTests.debug.xcconfig"; sourceTree = "<group>"; };
/* End PBXFileReference section */

/* Begin PBXFrameworksBuildPhase section */
		145A7C2A1FDFC16B005599AA /* Frameworks */ = {
			isa = PBXFrameworksBuildPhase;
			buildActionMask = 2147483647;
			files = (
				D7527C3FED0B8D13F8F51E9C /* Pods_Cinematic.framework in Frameworks */,
			);
			runOnlyForDeploymentPostprocessing = 0;
		};
		145A7C411FDFC16B005599AA /* Frameworks */ = {
			isa = PBXFrameworksBuildPhase;
			buildActionMask = 2147483647;
			files = (
				174886B2CE0141844D24C66C /* Pods_CinematicTests.framework in Frameworks */,
			);
			runOnlyForDeploymentPostprocessing = 0;
		};
		145A7C4C1FDFC16B005599AA /* Frameworks */ = {
			isa = PBXFrameworksBuildPhase;
			buildActionMask = 2147483647;
			files = (
				0DE103935051731A470B36B7 /* Pods_CinematicUITests.framework in Frameworks */,
			);
			runOnlyForDeploymentPostprocessing = 0;
		};
/* End PBXFrameworksBuildPhase section */

/* Begin PBXGroup section */
		145A7C241FDFC16A005599AA = {
			isa = PBXGroup;
			children = (
				145A7C2F1FDFC16B005599AA /* Cinematic */,
				145A7C471FDFC16B005599AA /* CinematicTests */,
				145A7C521FDFC16B005599AA /* CinematicUITests */,
				145A7C2E1FDFC16B005599AA /* Products */,
				3937E931F61571172402E449 /* Pods */,
				66E8F6D891DA8433FF323FFD /* Frameworks */,
			);
			sourceTree = "<group>";
		};
		145A7C2E1FDFC16B005599AA /* Products */ = {
			isa = PBXGroup;
			children = (
				145A7C2D1FDFC16B005599AA /* Cinematic.app */,
				145A7C441FDFC16B005599AA /* CinematicTests.xctest */,
				145A7C4F1FDFC16B005599AA /* CinematicUITests.xctest */,
			);
			name = Products;
			sourceTree = "<group>";
		};
		145A7C2F1FDFC16B005599AA /* Cinematic */ = {
			isa = PBXGroup;
			children = (
				14890CF61FE878F4007B59D5 /* Controllers */,
				14890CF51FE878DE007B59D5 /* Cells */,
				14890CF71FE8790C007B59D5 /* Supporting files */,
				145A7C341FDFC16B005599AA /* Main.storyboard */,
			);
			path = Cinematic;
			sourceTree = "<group>";
		};
		145A7C471FDFC16B005599AA /* CinematicTests */ = {
			isa = PBXGroup;
			children = (
				145A7C481FDFC16B005599AA /* CinematicTests.swift */,
				145A7C4A1FDFC16B005599AA /* Info.plist */,
			);
			path = CinematicTests;
			sourceTree = "<group>";
		};
		145A7C521FDFC16B005599AA /* CinematicUITests */ = {
			isa = PBXGroup;
			children = (
				145A7C531FDFC16B005599AA /* CinematicUITests.swift */,
				145A7C551FDFC16B005599AA /* Info.plist */,
			);
			path = CinematicUITests;
			sourceTree = "<group>";
		};
		14890CF51FE878DE007B59D5 /* Cells */ = {
			isa = PBXGroup;
			children = (
				142B0B491FDFD46D00B94FE1 /* MovieCell.swift */,
				145C537A200961390020C33D /* MovieBCell.swift */,
				14890CF81FE87998007B59D5 /* MovieInfoCell.swift */,
				14DE45121FEC50490034D2C1 /* TrailerCell.swift */,
				1421C13B1FEC51570028DA9D /* ReviewCell.swift */,
				142031ED1FF9132A007A3CF3 /* SeatsPlanCell.swift */,
				1421C1431FEC71A90028DA9D /* SeatCell.swift */,
				146E5F491FFE96500078957E /* CartCell.swift */,
				1421C13D1FEC5B630028DA9D /* LabelTitleCell.swift */,
				1421C1411FEC5E3D0028DA9D /* TicketCell.swift */,
				1421C13F1FEC5D460028DA9D /* CollectionHorizontalCell.swift */,
			);
			path = Cells;
			sourceTree = "<group>";
		};
		14890CF61FE878F4007B59D5 /* Controllers */ = {
			isa = PBXGroup;
			children = (
				145A7C611FDFCEAF005599AA /* MovieViewController.swift */,
				14890CED1FE68232007B59D5 /* MovieInfoViewController.swift */,
				14DE45101FEC4F0D0034D2C1 /* PurchaseTicketViewController.swift */,
				142031EB1FF83154007A3CF3 /* ViewSeatsController.swift */,
				146E5F471FFE960B0078957E /* CartController.swift */,
				14F8552020090902008452B4 /* ProfileViewController.swift */,
				14F855222009091B008452B4 /* UpcomingViewController.swift */,
			);
			path = Controllers;
			sourceTree = "<group>";
		};
		14890CF71FE8790C007B59D5 /* Supporting files */ = {
			isa = PBXGroup;
			children = (
				145A7C3A1FDFC16B005599AA /* Assets.xcassets */,
				14662DCD2004090B00ACF6E3 /* Cinematic-Bridging-Header.h */,
				14185AFD1FE881D300D7EA08 /* Info.plist */,
				145A7C301FDFC16B005599AA /* AppDelegate.swift */,
				145A7C3C1FDFC16B005599AA /* LaunchScreen.storyboard */,
				145A7C371FDFC16B005599AA /* Cinematic.xcdatamodeld */,
			);
			path = "Supporting files";
			sourceTree = "<group>";
		};
		3937E931F61571172402E449 /* Pods */ = {
			isa = PBXGroup;
			children = (
				449C0B67065377307D1901EC /* Pods-Cinematic.debug.xcconfig */,
				E408E82AEA81B31A95B5AE82 /* Pods-Cinematic.release.xcconfig */,
				E65603CDB342A0B31E97AFB6 /* Pods-CinematicTests.debug.xcconfig */,
				844EA47FEF62AA12651DC587 /* Pods-CinematicTests.release.xcconfig */,
				C2296FF974872059AC49BFE0 /* Pods-CinematicUITests.debug.xcconfig */,
				E2C8F7C7340B1C8C4D934F5A /* Pods-CinematicUITests.release.xcconfig */,
			);
			name = Pods;
			sourceTree = "<group>";
		};
		66E8F6D891DA8433FF323FFD /* Frameworks */ = {
			isa = PBXGroup;
			children = (
				E47DDDF4BABD3AA81339E2F1 /* Pods_Cinematic.framework */,
				C75072BFE322C0F38D000B1E /* Pods_CinematicTests.framework */,
				557100EF59D3F91B31C5AD6B /* Pods_CinematicUITests.framework */,
			);
			name = Frameworks;
			sourceTree = "<group>";
		};
/* End PBXGroup section */

/* Begin PBXNativeTarget section */
		145A7C2C1FDFC16B005599AA /* Cinematic */ = {
			isa = PBXNativeTarget;
			buildConfigurationList = 145A7C581FDFC16B005599AA /* Build configuration list for PBXNativeTarget "Cinematic" */;
			buildPhases = (
				5C95086A302DA208739E5124 /* [CP] Check Pods Manifest.lock */,
				145A7C291FDFC16B005599AA /* Sources */,
				145A7C2A1FDFC16B005599AA /* Frameworks */,
				145A7C2B1FDFC16B005599AA /* Resources */,
				D70D8F369E7D47F682DDE608 /* [CP] Embed Pods Frameworks */,
				A4291049B84EB21DCA5A001E /* [CP] Copy Pods Resources */,
			);
			buildRules = (
			);
			dependencies = (
			);
			name = Cinematic;
			productName = Cinematic;
			productReference = 145A7C2D1FDFC16B005599AA /* Cinematic.app */;
			productType = "com.apple.product-type.application";
		};
		145A7C431FDFC16B005599AA /* CinematicTests */ = {
			isa = PBXNativeTarget;
			buildConfigurationList = 145A7C5B1FDFC16B005599AA /* Build configuration list for PBXNativeTarget "CinematicTests" */;
			buildPhases = (
				8E6BFD07B827F6E8259A326A /* [CP] Check Pods Manifest.lock */,
				145A7C401FDFC16B005599AA /* Sources */,
				145A7C411FDFC16B005599AA /* Frameworks */,
				145A7C421FDFC16B005599AA /* Resources */,
				4BEDA8BF2E87A5DEEADAE20F /* [CP] Embed Pods Frameworks */,
				E307716CB360D80CC38B5E92 /* [CP] Copy Pods Resources */,
			);
			buildRules = (
			);
			dependencies = (
				145A7C461FDFC16B005599AA /* PBXTargetDependency */,
			);
			name = CinematicTests;
			productName = CinematicTests;
			productReference = 145A7C441FDFC16B005599AA /* CinematicTests.xctest */;
			productType = "com.apple.product-type.bundle.unit-test";
		};
		145A7C4E1FDFC16B005599AA /* CinematicUITests */ = {
			isa = PBXNativeTarget;
			buildConfigurationList = 145A7C5E1FDFC16B005599AA /* Build configuration list for PBXNativeTarget "CinematicUITests" */;
			buildPhases = (
				AC5D46281E659442943D519A /* [CP] Check Pods Manifest.lock */,
				145A7C4B1FDFC16B005599AA /* Sources */,
				145A7C4C1FDFC16B005599AA /* Frameworks */,
				145A7C4D1FDFC16B005599AA /* Resources */,
				A7184136BFB58FDF1B8E8672 /* [CP] Embed Pods Frameworks */,
				780E13F1E17FA56E16974933 /* [CP] Copy Pods Resources */,
			);
			buildRules = (
			);
			dependencies = (
				145A7C511FDFC16B005599AA /* PBXTargetDependency */,
			);
			name = CinematicUITests;
			productName = CinematicUITests;
			productReference = 145A7C4F1FDFC16B005599AA /* CinematicUITests.xctest */;
			productType = "com.apple.product-type.bundle.ui-testing";
		};
/* End PBXNativeTarget section */

/* Begin PBXProject section */
		145A7C251FDFC16A005599AA /* Project object */ = {
			isa = PBXProject;
			attributes = {
				LastSwiftUpdateCheck = 0920;
				LastUpgradeCheck = 0920;
				ORGANIZATIONNAME = "Khant Zaw Ko";
				TargetAttributes = {
					145A7C2C1FDFC16B005599AA = {
						CreatedOnToolsVersion = 9.2;
						ProvisioningStyle = Automatic;
					};
					145A7C431FDFC16B005599AA = {
						CreatedOnToolsVersion = 9.2;
						ProvisioningStyle = Automatic;
						TestTargetID = 145A7C2C1FDFC16B005599AA;
					};
					145A7C4E1FDFC16B005599AA = {
						CreatedOnToolsVersion = 9.2;
						ProvisioningStyle = Automatic;
						TestTargetID = 145A7C2C1FDFC16B005599AA;
					};
				};
			};
			buildConfigurationList = 145A7C281FDFC16A005599AA /* Build configuration list for PBXProject "Cinematic" */;
			compatibilityVersion = "Xcode 8.0";
			developmentRegion = en;
			hasScannedForEncodings = 0;
			knownRegions = (
				en,
				Base,
			);
			mainGroup = 145A7C241FDFC16A005599AA;
			productRefGroup = 145A7C2E1FDFC16B005599AA /* Products */;
			projectDirPath = "";
			projectRoot = "";
			targets = (
				145A7C2C1FDFC16B005599AA /* Cinematic */,
				145A7C431FDFC16B005599AA /* CinematicTests */,
				145A7C4E1FDFC16B005599AA /* CinematicUITests */,
			);
		};
/* End PBXProject section */

/* Begin PBXResourcesBuildPhase section */
		145A7C2B1FDFC16B005599AA /* Resources */ = {
			isa = PBXResourcesBuildPhase;
			buildActionMask = 2147483647;
			files = (
				145A7C3E1FDFC16B005599AA /* LaunchScreen.storyboard in Resources */,
				145A7C3B1FDFC16B005599AA /* Assets.xcassets in Resources */,
				145A7C361FDFC16B005599AA /* Main.storyboard in Resources */,
			);
			runOnlyForDeploymentPostprocessing = 0;
		};
		145A7C421FDFC16B005599AA /* Resources */ = {
			isa = PBXResourcesBuildPhase;
			buildActionMask = 2147483647;
			files = (
			);
			runOnlyForDeploymentPostprocessing = 0;
		};
		145A7C4D1FDFC16B005599AA /* Resources */ = {
			isa = PBXResourcesBuildPhase;
			buildActionMask = 2147483647;
			files = (
			);
			runOnlyForDeploymentPostprocessing = 0;
		};
/* End PBXResourcesBuildPhase section */

/* Begin PBXShellScriptBuildPhase section */
		4BEDA8BF2E87A5DEEADAE20F /* [CP] Embed Pods Frameworks */ = {
			isa = PBXShellScriptBuildPhase;
			buildActionMask = 2147483647;
			files = (
			);
			inputPaths = (
			);
			name = "[CP] Embed Pods Frameworks";
			outputPaths = (
			);
			runOnlyForDeploymentPostprocessing = 0;
			shellPath = /bin/sh;
			shellScript = "\"${SRCROOT}/Pods/Target Support Files/Pods-CinematicTests/Pods-CinematicTests-frameworks.sh\"\n";
			showEnvVarsInLog = 0;
		};
		5C95086A302DA208739E5124 /* [CP] Check Pods Manifest.lock */ = {
			isa = PBXShellScriptBuildPhase;
			buildActionMask = 2147483647;
			files = (
			);
			inputPaths = (
			);
			name = "[CP] Check Pods Manifest.lock";
			outputPaths = (
			);
			runOnlyForDeploymentPostprocessing = 0;
			shellPath = /bin/sh;
			shellScript = "diff \"${PODS_ROOT}/../Podfile.lock\" \"${PODS_ROOT}/Manifest.lock\" > /dev/null\nif [ $? != 0 ] ; then\n    # print error to STDERR\n    echo \"error: The sandbox is not in sync with the Podfile.lock. Run 'pod install' or update your CocoaPods installation.\" >&2\n    exit 1\nfi\n";
			showEnvVarsInLog = 0;
		};
		780E13F1E17FA56E16974933 /* [CP] Copy Pods Resources */ = {
			isa = PBXShellScriptBuildPhase;
			buildActionMask = 2147483647;
			files = (
			);
			inputPaths = (
			);
			name = "[CP] Copy Pods Resources";
			outputPaths = (
			);
			runOnlyForDeploymentPostprocessing = 0;
			shellPath = /bin/sh;
			shellScript = "\"${SRCROOT}/Pods/Target Support Files/Pods-CinematicUITests/Pods-CinematicUITests-resources.sh\"\n";
			showEnvVarsInLog = 0;
		};
		8E6BFD07B827F6E8259A326A /* [CP] Check Pods Manifest.lock */ = {
			isa = PBXShellScriptBuildPhase;
			buildActionMask = 2147483647;
			files = (
			);
			inputPaths = (
			);
			name = "[CP] Check Pods Manifest.lock";
			outputPaths = (
			);
			runOnlyForDeploymentPostprocessing = 0;
			shellPath = /bin/sh;
			shellScript = "diff \"${PODS_ROOT}/../Podfile.lock\" \"${PODS_ROOT}/Manifest.lock\" > /dev/null\nif [ $? != 0 ] ; then\n    # print error to STDERR\n    echo \"error: The sandbox is not in sync with the Podfile.lock. Run 'pod install' or update your CocoaPods installation.\" >&2\n    exit 1\nfi\n";
			showEnvVarsInLog = 0;
		};
		A4291049B84EB21DCA5A001E /* [CP] Copy Pods Resources */ = {
			isa = PBXShellScriptBuildPhase;
			buildActionMask = 2147483647;
			files = (
			);
			inputPaths = (
			);
			name = "[CP] Copy Pods Resources";
			outputPaths = (
			);
			runOnlyForDeploymentPostprocessing = 0;
			shellPath = /bin/sh;
			shellScript = "\"${SRCROOT}/Pods/Target Support Files/Pods-Cinematic/Pods-Cinematic-resources.sh\"\n";
			showEnvVarsInLog = 0;
		};
		A7184136BFB58FDF1B8E8672 /* [CP] Embed Pods Frameworks */ = {
			isa = PBXShellScriptBuildPhase;
			buildActionMask = 2147483647;
			files = (
			);
			inputPaths = (
			);
			name = "[CP] Embed Pods Frameworks";
			outputPaths = (
			);
			runOnlyForDeploymentPostprocessing = 0;
			shellPath = /bin/sh;
			shellScript = "\"${SRCROOT}/Pods/Target Support Files/Pods-CinematicUITests/Pods-CinematicUITests-frameworks.sh\"\n";
			showEnvVarsInLog = 0;
		};
		AC5D46281E659442943D519A /* [CP] Check Pods Manifest.lock */ = {
			isa = PBXShellScriptBuildPhase;
			buildActionMask = 2147483647;
			files = (
			);
			inputPaths = (
			);
			name = "[CP] Check Pods Manifest.lock";
			outputPaths = (
			);
			runOnlyForDeploymentPostprocessing = 0;
			shellPath = /bin/sh;
			shellScript = "diff \"${PODS_ROOT}/../Podfile.lock\" \"${PODS_ROOT}/Manifest.lock\" > /dev/null\nif [ $? != 0 ] ; then\n    # print error to STDERR\n    echo \"error: The sandbox is not in sync with the Podfile.lock. Run 'pod install' or update your CocoaPods installation.\" >&2\n    exit 1\nfi\n";
			showEnvVarsInLog = 0;
		};
		D70D8F369E7D47F682DDE608 /* [CP] Embed Pods Frameworks */ = {
			isa = PBXShellScriptBuildPhase;
			buildActionMask = 2147483647;
			files = (
			);
			inputPaths = (
			);
			name = "[CP] Embed Pods Frameworks";
			outputPaths = (
			);
			runOnlyForDeploymentPostprocessing = 0;
			shellPath = /bin/sh;
			shellScript = "\"${SRCROOT}/Pods/Target Support Files/Pods-Cinematic/Pods-Cinematic-frameworks.sh\"\n";
			showEnvVarsInLog = 0;
		};
		E307716CB360D80CC38B5E92 /* [CP] Copy Pods Resources */ = {
			isa = PBXShellScriptBuildPhase;
			buildActionMask = 2147483647;
			files = (
			);
			inputPaths = (
			);
			name = "[CP] Copy Pods Resources";
			outputPaths = (
			);
			runOnlyForDeploymentPostprocessing = 0;
			shellPath = /bin/sh;
			shellScript = "\"${SRCROOT}/Pods/Target Support Files/Pods-CinematicTests/Pods-CinematicTests-resources.sh\"\n";
			showEnvVarsInLog = 0;
		};
/* End PBXShellScriptBuildPhase section */

/* Begin PBXSourcesBuildPhase section */
		145A7C291FDFC16B005599AA /* Sources */ = {
			isa = PBXSourcesBuildPhase;
			buildActionMask = 2147483647;
			files = (
				142031EE1FF9132A007A3CF3 /* SeatsPlanCell.swift in Sources */,
				145C537B200961390020C33D /* MovieBCell.swift in Sources */,
				14DE45131FEC50490034D2C1 /* TrailerCell.swift in Sources */,
				145A7C311FDFC16B005599AA /* AppDelegate.swift in Sources */,
				1421C1441FEC71A90028DA9D /* SeatCell.swift in Sources */,
				142031EC1FF83154007A3CF3 /* ViewSeatsController.swift in Sources */,
				1421C13E1FEC5B630028DA9D /* LabelTitleCell.swift in Sources */,
				14F8552120090902008452B4 /* ProfileViewController.swift in Sources */,
				1421C1421FEC5E3D0028DA9D /* TicketCell.swift in Sources */,
				14890CEE1FE68232007B59D5 /* MovieInfoViewController.swift in Sources */,
				14890CF91FE87998007B59D5 /* MovieInfoCell.swift in Sources */,
				145A7C391FDFC16B005599AA /* Cinematic.xcdatamodeld in Sources */,
				1421C1401FEC5D460028DA9D /* CollectionHorizontalCell.swift in Sources */,
				14F855232009091B008452B4 /* UpcomingViewController.swift in Sources */,
				146E5F4A1FFE96500078957E /* CartCell.swift in Sources */,
				142B0B4A1FDFD46D00B94FE1 /* MovieCell.swift in Sources */,
				145A7C621FDFCEAF005599AA /* MovieViewController.swift in Sources */,
				146E5F481FFE960C0078957E /* CartController.swift in Sources */,
				14DE45111FEC4F0D0034D2C1 /* PurchaseTicketViewController.swift in Sources */,
				1421C13C1FEC51570028DA9D /* ReviewCell.swift in Sources */,
			);
			runOnlyForDeploymentPostprocessing = 0;
		};
		145A7C401FDFC16B005599AA /* Sources */ = {
			isa = PBXSourcesBuildPhase;
			buildActionMask = 2147483647;
			files = (
				145A7C491FDFC16B005599AA /* CinematicTests.swift in Sources */,
			);
			runOnlyForDeploymentPostprocessing = 0;
		};
		145A7C4B1FDFC16B005599AA /* Sources */ = {
			isa = PBXSourcesBuildPhase;
			buildActionMask = 2147483647;
			files = (
				145A7C541FDFC16B005599AA /* CinematicUITests.swift in Sources */,
			);
			runOnlyForDeploymentPostprocessing = 0;
		};
/* End PBXSourcesBuildPhase section */

/* Begin PBXTargetDependency section */
		145A7C461FDFC16B005599AA /* PBXTargetDependency */ = {
			isa = PBXTargetDependency;
			target = 145A7C2C1FDFC16B005599AA /* Cinematic */;
			targetProxy = 145A7C451FDFC16B005599AA /* PBXContainerItemProxy */;
		};
		145A7C511FDFC16B005599AA /* PBXTargetDependency */ = {
			isa = PBXTargetDependency;
			target = 145A7C2C1FDFC16B005599AA /* Cinematic */;
			targetProxy = 145A7C501FDFC16B005599AA /* PBXContainerItemProxy */;
		};
/* End PBXTargetDependency section */

/* Begin PBXVariantGroup section */
		145A7C341FDFC16B005599AA /* Main.storyboard */ = {
			isa = PBXVariantGroup;
			children = (
				145A7C351FDFC16B005599AA /* Base */,
			);
			name = Main.storyboard;
			sourceTree = "<group>";
		};
		145A7C3C1FDFC16B005599AA /* LaunchScreen.storyboard */ = {
			isa = PBXVariantGroup;
			children = (
				145A7C3D1FDFC16B005599AA /* Base */,
			);
			name = LaunchScreen.storyboard;
			sourceTree = "<group>";
		};
/* End PBXVariantGroup section */

/* Begin XCBuildConfiguration section */
		145A7C561FDFC16B005599AA /* Debug */ = {
			isa = XCBuildConfiguration;
			buildSettings = {
				ALWAYS_SEARCH_USER_PATHS = NO;
				CLANG_ANALYZER_NONNULL = YES;
				CLANG_ANALYZER_NUMBER_OBJECT_CONVERSION = YES_AGGRESSIVE;
				CLANG_CXX_LANGUAGE_STANDARD = "gnu++14";
				CLANG_CXX_LIBRARY = "libc++";
				CLANG_ENABLE_MODULES = YES;
				CLANG_ENABLE_OBJC_ARC = YES;
				CLANG_WARN_BLOCK_CAPTURE_AUTORELEASING = YES;
				CLANG_WARN_BOOL_CONVERSION = YES;
				CLANG_WARN_COMMA = YES;
				CLANG_WARN_CONSTANT_CONVERSION = YES;
				CLANG_WARN_DIRECT_OBJC_ISA_USAGE = YES_ERROR;
				CLANG_WARN_DOCUMENTATION_COMMENTS = YES;
				CLANG_WARN_EMPTY_BODY = YES;
				CLANG_WARN_ENUM_CONVERSION = YES;
				CLANG_WARN_INFINITE_RECURSION = YES;
				CLANG_WARN_INT_CONVERSION = YES;
				CLANG_WARN_NON_LITERAL_NULL_CONVERSION = YES;
				CLANG_WARN_OBJC_LITERAL_CONVERSION = YES;
				CLANG_WARN_OBJC_ROOT_CLASS = YES_ERROR;
				CLANG_WARN_RANGE_LOOP_ANALYSIS = YES;
				CLANG_WARN_STRICT_PROTOTYPES = YES;
				CLANG_WARN_SUSPICIOUS_MOVE = YES;
				CLANG_WARN_UNGUARDED_AVAILABILITY = YES_AGGRESSIVE;
				CLANG_WARN_UNREACHABLE_CODE = YES;
				CLANG_WARN__DUPLICATE_METHOD_MATCH = YES;
				CODE_SIGN_IDENTITY = "iPhone Developer";
				COPY_PHASE_STRIP = NO;
				DEBUG_INFORMATION_FORMAT = dwarf;
				ENABLE_STRICT_OBJC_MSGSEND = YES;
				ENABLE_TESTABILITY = YES;
				GCC_C_LANGUAGE_STANDARD = gnu11;
				GCC_DYNAMIC_NO_PIC = NO;
				GCC_NO_COMMON_BLOCKS = YES;
				GCC_OPTIMIZATION_LEVEL = 0;
				GCC_PREPROCESSOR_DEFINITIONS = (
					"DEBUG=1",
					"$(inherited)",
				);
				GCC_WARN_64_TO_32_BIT_CONVERSION = YES;
				GCC_WARN_ABOUT_RETURN_TYPE = YES_ERROR;
				GCC_WARN_UNDECLARED_SELECTOR = YES;
				GCC_WARN_UNINITIALIZED_AUTOS = YES_AGGRESSIVE;
				GCC_WARN_UNUSED_FUNCTION = YES;
				GCC_WARN_UNUSED_VARIABLE = YES;
				IPHONEOS_DEPLOYMENT_TARGET = 11.2;
				MTL_ENABLE_DEBUG_INFO = YES;
				ONLY_ACTIVE_ARCH = YES;
				SDKROOT = iphoneos;
				SWIFT_ACTIVE_COMPILATION_CONDITIONS = DEBUG;
				SWIFT_OPTIMIZATION_LEVEL = "-Onone";
			};
			name = Debug;
		};
		145A7C571FDFC16B005599AA /* Release */ = {
			isa = XCBuildConfiguration;
			buildSettings = {
				ALWAYS_SEARCH_USER_PATHS = NO;
				CLANG_ANALYZER_NONNULL = YES;
				CLANG_ANALYZER_NUMBER_OBJECT_CONVERSION = YES_AGGRESSIVE;
				CLANG_CXX_LANGUAGE_STANDARD = "gnu++14";
				CLANG_CXX_LIBRARY = "libc++";
				CLANG_ENABLE_MODULES = YES;
				CLANG_ENABLE_OBJC_ARC = YES;
				CLANG_WARN_BLOCK_CAPTURE_AUTORELEASING = YES;
				CLANG_WARN_BOOL_CONVERSION = YES;
				CLANG_WARN_COMMA = YES;
				CLANG_WARN_CONSTANT_CONVERSION = YES;
				CLANG_WARN_DIRECT_OBJC_ISA_USAGE = YES_ERROR;
				CLANG_WARN_DOCUMENTATION_COMMENTS = YES;
				CLANG_WARN_EMPTY_BODY = YES;
				CLANG_WARN_ENUM_CONVERSION = YES;
				CLANG_WARN_INFINITE_RECURSION = YES;
				CLANG_WARN_INT_CONVERSION = YES;
				CLANG_WARN_NON_LITERAL_NULL_CONVERSION = YES;
				CLANG_WARN_OBJC_LITERAL_CONVERSION = YES;
				CLANG_WARN_OBJC_ROOT_CLASS = YES_ERROR;
				CLANG_WARN_RANGE_LOOP_ANALYSIS = YES;
				CLANG_WARN_STRICT_PROTOTYPES = YES;
				CLANG_WARN_SUSPICIOUS_MOVE = YES;
				CLANG_WARN_UNGUARDED_AVAILABILITY = YES_AGGRESSIVE;
				CLANG_WARN_UNREACHABLE_CODE = YES;
				CLANG_WARN__DUPLICATE_METHOD_MATCH = YES;
				CODE_SIGN_IDENTITY = "iPhone Developer";
				COPY_PHASE_STRIP = NO;
				DEBUG_INFORMATION_FORMAT = "dwarf-with-dsym";
				ENABLE_NS_ASSERTIONS = NO;
				ENABLE_STRICT_OBJC_MSGSEND = YES;
				GCC_C_LANGUAGE_STANDARD = gnu11;
				GCC_NO_COMMON_BLOCKS = YES;
				GCC_WARN_64_TO_32_BIT_CONVERSION = YES;
				GCC_WARN_ABOUT_RETURN_TYPE = YES_ERROR;
				GCC_WARN_UNDECLARED_SELECTOR = YES;
				GCC_WARN_UNINITIALIZED_AUTOS = YES_AGGRESSIVE;
				GCC_WARN_UNUSED_FUNCTION = YES;
				GCC_WARN_UNUSED_VARIABLE = YES;
				IPHONEOS_DEPLOYMENT_TARGET = 11.2;
				MTL_ENABLE_DEBUG_INFO = NO;
				SDKROOT = iphoneos;
				SWIFT_OPTIMIZATION_LEVEL = "-Owholemodule";
				VALIDATE_PRODUCT = YES;
			};
			name = Release;
		};
		145A7C591FDFC16B005599AA /* Debug */ = {
			isa = XCBuildConfiguration;
			baseConfigurationReference = 449C0B67065377307D1901EC /* Pods-Cinematic.debug.xcconfig */;
			buildSettings = {
				ASSETCATALOG_COMPILER_APPICON_NAME = AppIcon;
				CODE_SIGN_STYLE = Automatic;
				DEVELOPMENT_TEAM = EX9SP8QRW2;
				INFOPLIST_FILE = "Cinematic/Supporting files/Info.plist";
				LD_RUNPATH_SEARCH_PATHS = "$(inherited) @executable_path/Frameworks";
				PRODUCT_BUNDLE_IDENTIFIER = com.khantzawko.Cinematic;
				PRODUCT_NAME = "$(TARGET_NAME)";
				SWIFT_OBJC_BRIDGING_HEADER = "Cinematic/Supporting files/Cinematic-Bridging-Header.h";
				SWIFT_VERSION = 4.0;
				TARGETED_DEVICE_FAMILY = "1,2";
			};
			name = Debug;
		};
		145A7C5A1FDFC16B005599AA /* Release */ = {
			isa = XCBuildConfiguration;
			baseConfigurationReference = E408E82AEA81B31A95B5AE82 /* Pods-Cinematic.release.xcconfig */;
			buildSettings = {
				ASSETCATALOG_COMPILER_APPICON_NAME = AppIcon;
				CODE_SIGN_STYLE = Automatic;
				DEVELOPMENT_TEAM = EX9SP8QRW2;
				INFOPLIST_FILE = "Cinematic/Supporting files/Info.plist";
				LD_RUNPATH_SEARCH_PATHS = "$(inherited) @executable_path/Frameworks";
				PRODUCT_BUNDLE_IDENTIFIER = com.khantzawko.Cinematic;
				PRODUCT_NAME = "$(TARGET_NAME)";
				SWIFT_OBJC_BRIDGING_HEADER = "Cinematic/Supporting files/Cinematic-Bridging-Header.h";
				SWIFT_VERSION = 4.0;
				TARGETED_DEVICE_FAMILY = "1,2";
			};
			name = Release;
		};
		145A7C5C1FDFC16B005599AA /* Debug */ = {
			isa = XCBuildConfiguration;
			baseConfigurationReference = E65603CDB342A0B31E97AFB6 /* Pods-CinematicTests.debug.xcconfig */;
			buildSettings = {
				ALWAYS_EMBED_SWIFT_STANDARD_LIBRARIES = YES;
				BUNDLE_LOADER = "$(TEST_HOST)";
				CODE_SIGN_STYLE = Automatic;
				DEVELOPMENT_TEAM = EX9SP8QRW2;
				INFOPLIST_FILE = CinematicTests/Info.plist;
				LD_RUNPATH_SEARCH_PATHS = "$(inherited) @executable_path/Frameworks @loader_path/Frameworks";
				PRODUCT_BUNDLE_IDENTIFIER = com.khantzawko.CinematicTests;
				PRODUCT_NAME = "$(TARGET_NAME)";
				SWIFT_VERSION = 4.0;
				TARGETED_DEVICE_FAMILY = "1,2";
				TEST_HOST = "$(BUILT_PRODUCTS_DIR)/Cinematic.app/Cinematic";
			};
			name = Debug;
		};
		145A7C5D1FDFC16B005599AA /* Release */ = {
			isa = XCBuildConfiguration;
			baseConfigurationReference = 844EA47FEF62AA12651DC587 /* Pods-CinematicTests.release.xcconfig */;
			buildSettings = {
				ALWAYS_EMBED_SWIFT_STANDARD_LIBRARIES = YES;
				BUNDLE_LOADER = "$(TEST_HOST)";
				CODE_SIGN_STYLE = Automatic;
				DEVELOPMENT_TEAM = EX9SP8QRW2;
				INFOPLIST_FILE = CinematicTests/Info.plist;
				LD_RUNPATH_SEARCH_PATHS = "$(inherited) @executable_path/Frameworks @loader_path/Frameworks";
				PRODUCT_BUNDLE_IDENTIFIER = com.khantzawko.CinematicTests;
				PRODUCT_NAME = "$(TARGET_NAME)";
				SWIFT_VERSION = 4.0;
				TARGETED_DEVICE_FAMILY = "1,2";
				TEST_HOST = "$(BUILT_PRODUCTS_DIR)/Cinematic.app/Cinematic";
			};
			name = Release;
		};
		145A7C5F1FDFC16B005599AA /* Debug */ = {
			isa = XCBuildConfiguration;
			baseConfigurationReference = C2296FF974872059AC49BFE0 /* Pods-CinematicUITests.debug.xcconfig */;
			buildSettings = {
				ALWAYS_EMBED_SWIFT_STANDARD_LIBRARIES = YES;
				CODE_SIGN_STYLE = Automatic;
				DEVELOPMENT_TEAM = EX9SP8QRW2;
				INFOPLIST_FILE = CinematicUITests/Info.plist;
				LD_RUNPATH_SEARCH_PATHS = "$(inherited) @executable_path/Frameworks @loader_path/Frameworks";
				PRODUCT_BUNDLE_IDENTIFIER = com.khantzawko.CinematicUITests;
				PRODUCT_NAME = "$(TARGET_NAME)";
				SWIFT_VERSION = 4.0;
				TARGETED_DEVICE_FAMILY = "1,2";
				TEST_TARGET_NAME = Cinematic;
			};
			name = Debug;
		};
		145A7C601FDFC16B005599AA /* Release */ = {
			isa = XCBuildConfiguration;
			baseConfigurationReference = E2C8F7C7340B1C8C4D934F5A /* Pods-CinematicUITests.release.xcconfig */;
			buildSettings = {
				ALWAYS_EMBED_SWIFT_STANDARD_LIBRARIES = YES;
				CODE_SIGN_STYLE = Automatic;
				DEVELOPMENT_TEAM = EX9SP8QRW2;
				INFOPLIST_FILE = CinematicUITests/Info.plist;
				LD_RUNPATH_SEARCH_PATHS = "$(inherited) @executable_path/Frameworks @loader_path/Frameworks";
				PRODUCT_BUNDLE_IDENTIFIER = com.khantzawko.CinematicUITests;
				PRODUCT_NAME = "$(TARGET_NAME)";
				SWIFT_VERSION = 4.0;
				TARGETED_DEVICE_FAMILY = "1,2";
				TEST_TARGET_NAME = Cinematic;
			};
			name = Release;
		};
/* End XCBuildConfiguration section */

/* Begin XCConfigurationList section */
		145A7C281FDFC16A005599AA /* Build configuration list for PBXProject "Cinematic" */ = {
			isa = XCConfigurationList;
			buildConfigurations = (
				145A7C561FDFC16B005599AA /* Debug */,
				145A7C571FDFC16B005599AA /* Release */,
			);
			defaultConfigurationIsVisible = 0;
			defaultConfigurationName = Release;
		};
		145A7C581FDFC16B005599AA /* Build configuration list for PBXNativeTarget "Cinematic" */ = {
			isa = XCConfigurationList;
			buildConfigurations = (
				145A7C591FDFC16B005599AA /* Debug */,
				145A7C5A1FDFC16B005599AA /* Release */,
			);
			defaultConfigurationIsVisible = 0;
			defaultConfigurationName = Release;
		};
		145A7C5B1FDFC16B005599AA /* Build configuration list for PBXNativeTarget "CinematicTests" */ = {
			isa = XCConfigurationList;
			buildConfigurations = (
				145A7C5C1FDFC16B005599AA /* Debug */,
				145A7C5D1FDFC16B005599AA /* Release */,
			);
			defaultConfigurationIsVisible = 0;
			defaultConfigurationName = Release;
		};
		145A7C5E1FDFC16B005599AA /* Build configuration list for PBXNativeTarget "CinematicUITests" */ = {
			isa = XCConfigurationList;
			buildConfigurations = (
				145A7C5F1FDFC16B005599AA /* Debug */,
				145A7C601FDFC16B005599AA /* Release */,
			);
			defaultConfigurationIsVisible = 0;
			defaultConfigurationName = Release;
		};
/* End XCConfigurationList section */

/* Begin XCVersionGroup section */
		145A7C371FDFC16B005599AA /* Cinematic.xcdatamodeld */ = {
			isa = XCVersionGroup;
			children = (
				145A7C381FDFC16B005599AA /* Cinematic.xcdatamodel */,
			);
			currentVersion = 145A7C381FDFC16B005599AA /* Cinematic.xcdatamodel */;
			path = Cinematic.xcdatamodeld;
			sourceTree = "<group>";
			versionGroupType = wrapper.xcdatamodel;
		};
/* End XCVersionGroup section */
	};
	rootObject = 145A7C251FDFC16A005599AA /* Project object */;
}
